
Microsoft Visual Studio Solution File, Format Version 12.00
# Visual Studio Version 17
VisualStudioVersion = 17.0.31903.59
MinimumVisualStudioVersion = 10.0.40219.1
Project("{2150E333-8FDC-42A3-9474-1A3956D46DE8}") = "src", "src", "{29E348FD-1626-44DF-8585-B48A334AB592}"
EndProject
Project("{FAE04EC0-301F-11D3-BF4B-00C04F79EFBC}") = "Api", "src\Api\Api.csproj", "{83DDE2F5-08A2-4ACF-A62C-DB782C93164D}"
EndProject
Project("{FAE04EC0-301F-11D3-BF4B-00C04F79EFBC}") = "Application", "src\Application\Application.csproj", "{F0EB8867-6A77-4ABB-831C-BEF9A7E5BF7A}"
EndProject
Project("{FAE04EC0-301F-11D3-BF4B-00C04F79EFBC}") = "Domain", "src\Domain\Domain.csproj", "{BCDBDBA3-D5E0-4675-A437-3441248953FC}"
EndProject
Project("{FAE04EC0-301F-11D3-BF4B-00C04F79EFBC}") = "Infrastructure", "src\Infrastructure\Infrastructure.csproj", "{4955FBF5-9611-4985-B917-838FDB863AE3}"
EndProject
Project("{2150E333-8FDC-42A3-9474-1A3956D46DE8}") = "tests", "tests", "{AC0BFC6E-9B27-4AC2-8C39-5FCCB6A0CC9D}"
EndProject
Project("{FAE04EC0-301F-11D3-BF4B-00C04F79EFBC}") = "Application.Tests", "tests\Application.Tests\Application.Tests.csproj", "{42817F05-99A0-4303-B54E-0F03EAD9B1B6}"
EndProject
Project("{FAE04EC0-301F-11D3-BF4B-00C04F79EFBC}") = "Domain.Tests", "tests\Domain.Tests\Domain.Tests.csproj", "{E4E1D0E6-7B7E-4694-838A-134DE5234E37}"
EndProject
Project("{FAE04EC0-301F-11D3-BF4B-00C04F79EFBC}") = "Infraestructure.Tests", "tests\Infraestructure.Tests\Infraestructure.Tests.csproj", "{12653724-5F1A-407B-90BC-182251A3A7AE}"
EndProject
Project("{FAE04EC0-301F-11D3-BF4B-00C04F79EFBC}") = "Api.Tests", "tests\Api.Tests\Api.Tests.csproj", "{8032C669-0ED9-4771-9B7D-E14E3054654E}"
EndProject
Project("{FAE04EC0-301F-11D3-BF4B-00C04F79EFBC}") = "TestBase", "tests\TestBase\TestBase.csproj", "{9739096D-4919-4434-93A6-83464C75F8F5}"
EndProject
Global
	GlobalSection(SolutionConfigurationPlatforms) = preSolution
		Debug|Any CPU = Debug|Any CPU
		Debug|x64 = Debug|x64
		Debug|x86 = Debug|x86
		Release|Any CPU = Release|Any CPU
		Release|x64 = Release|x64
		Release|x86 = Release|x86
	EndGlobalSection
	GlobalSection(ProjectConfigurationPlatforms) = postSolution
		{83DDE2F5-08A2-4ACF-A62C-DB782C93164D}.Debug|Any CPU.ActiveCfg = Debug|Any CPU
		{83DDE2F5-08A2-4ACF-A62C-DB782C93164D}.Debug|Any CPU.Build.0 = Debug|Any CPU
		{83DDE2F5-08A2-4ACF-A62C-DB782C93164D}.Debug|x64.ActiveCfg = Debug|Any CPU
		{83DDE2F5-08A2-4ACF-A62C-DB782C93164D}.Debug|x64.Build.0 = Debug|Any CPU
		{83DDE2F5-08A2-4ACF-A62C-DB782C93164D}.Debug|x86.ActiveCfg = Debug|Any CPU
		{83DDE2F5-08A2-4ACF-A62C-DB782C93164D}.Debug|x86.Build.0 = Debug|Any CPU
		{83DDE2F5-08A2-4ACF-A62C-DB782C93164D}.Release|Any CPU.ActiveCfg = Release|Any CPU
		{83DDE2F5-08A2-4ACF-A62C-DB782C93164D}.Release|Any CPU.Build.0 = Release|Any CPU
		{83DDE2F5-08A2-4ACF-A62C-DB782C93164D}.Release|x64.ActiveCfg = Release|Any CPU
		{83DDE2F5-08A2-4ACF-A62C-DB782C93164D}.Release|x64.Build.0 = Release|Any CPU
		{83DDE2F5-08A2-4ACF-A62C-DB782C93164D}.Release|x86.ActiveCfg = Release|Any CPU
		{83DDE2F5-08A2-4ACF-A62C-DB782C93164D}.Release|x86.Build.0 = Release|Any CPU
		{F0EB8867-6A77-4ABB-831C-BEF9A7E5BF7A}.Debug|Any CPU.ActiveCfg = Debug|Any CPU
		{F0EB8867-6A77-4ABB-831C-BEF9A7E5BF7A}.Debug|Any CPU.Build.0 = Debug|Any CPU
		{F0EB8867-6A77-4ABB-831C-BEF9A7E5BF7A}.Debug|x64.ActiveCfg = Debug|Any CPU
		{F0EB8867-6A77-4ABB-831C-BEF9A7E5BF7A}.Debug|x64.Build.0 = Debug|Any CPU
		{F0EB8867-6A77-4ABB-831C-BEF9A7E5BF7A}.Debug|x86.ActiveCfg = Debug|Any CPU
		{F0EB8867-6A77-4ABB-831C-BEF9A7E5BF7A}.Debug|x86.Build.0 = Debug|Any CPU
		{F0EB8867-6A77-4ABB-831C-BEF9A7E5BF7A}.Release|Any CPU.ActiveCfg = Release|Any CPU
		{F0EB8867-6A77-4ABB-831C-BEF9A7E5BF7A}.Release|Any CPU.Build.0 = Release|Any CPU
		{F0EB8867-6A77-4ABB-831C-BEF9A7E5BF7A}.Release|x64.ActiveCfg = Release|Any CPU
		{F0EB8867-6A77-4ABB-831C-BEF9A7E5BF7A}.Release|x64.Build.0 = Release|Any CPU
		{F0EB8867-6A77-4ABB-831C-BEF9A7E5BF7A}.Release|x86.ActiveCfg = Release|Any CPU
		{F0EB8867-6A77-4ABB-831C-BEF9A7E5BF7A}.Release|x86.Build.0 = Release|Any CPU
		{BCDBDBA3-D5E0-4675-A437-3441248953FC}.Debug|Any CPU.ActiveCfg = Debug|Any CPU
		{BCDBDBA3-D5E0-4675-A437-3441248953FC}.Debug|Any CPU.Build.0 = Debug|Any CPU
		{BCDBDBA3-D5E0-4675-A437-3441248953FC}.Debug|x64.ActiveCfg = Debug|Any CPU
		{BCDBDBA3-D5E0-4675-A437-3441248953FC}.Debug|x64.Build.0 = Debug|Any CPU
		{BCDBDBA3-D5E0-4675-A437-3441248953FC}.Debug|x86.ActiveCfg = Debug|Any CPU
		{BCDBDBA3-D5E0-4675-A437-3441248953FC}.Debug|x86.Build.0 = Debug|Any CPU
		{BCDBDBA3-D5E0-4675-A437-3441248953FC}.Release|Any CPU.ActiveCfg = Release|Any CPU
		{BCDBDBA3-D5E0-4675-A437-3441248953FC}.Release|Any CPU.Build.0 = Release|Any CPU
		{BCDBDBA3-D5E0-4675-A437-3441248953FC}.Release|x64.ActiveCfg = Release|Any CPU
		{BCDBDBA3-D5E0-4675-A437-3441248953FC}.Release|x64.Build.0 = Release|Any CPU
		{BCDBDBA3-D5E0-4675-A437-3441248953FC}.Release|x86.ActiveCfg = Release|Any CPU
		{BCDBDBA3-D5E0-4675-A437-3441248953FC}.Release|x86.Build.0 = Release|Any CPU
		{4955FBF5-9611-4985-B917-838FDB863AE3}.Debug|Any CPU.ActiveCfg = Debug|Any CPU
		{4955FBF5-9611-4985-B917-838FDB863AE3}.Debug|Any CPU.Build.0 = Debug|Any CPU
		{4955FBF5-9611-4985-B917-838FDB863AE3}.Debug|x64.ActiveCfg = Debug|Any CPU
		{4955FBF5-9611-4985-B917-838FDB863AE3}.Debug|x64.Build.0 = Debug|Any CPU
		{4955FBF5-9611-4985-B917-838FDB863AE3}.Debug|x86.ActiveCfg = Debug|Any CPU
		{4955FBF5-9611-4985-B917-838FDB863AE3}.Debug|x86.Build.0 = Debug|Any CPU
		{4955FBF5-9611-4985-B917-838FDB863AE3}.Release|Any CPU.ActiveCfg = Release|Any CPU
		{4955FBF5-9611-4985-B917-838FDB863AE3}.Release|Any CPU.Build.0 = Release|Any CPU
		{4955FBF5-9611-4985-B917-838FDB863AE3}.Release|x64.ActiveCfg = Release|Any CPU
		{4955FBF5-9611-4985-B917-838FDB863AE3}.Release|x64.Build.0 = Release|Any CPU
		{4955FBF5-9611-4985-B917-838FDB863AE3}.Release|x86.ActiveCfg = Release|Any CPU
		{4955FBF5-9611-4985-B917-838FDB863AE3}.Release|x86.Build.0 = Release|Any CPU
		{42817F05-99A0-4303-B54E-0F03EAD9B1B6}.Debug|Any CPU.ActiveCfg = Debug|Any CPU
		{42817F05-99A0-4303-B54E-0F03EAD9B1B6}.Debug|Any CPU.Build.0 = Debug|Any CPU
		{42817F05-99A0-4303-B54E-0F03EAD9B1B6}.Debug|x64.ActiveCfg = Debug|Any CPU
		{42817F05-99A0-4303-B54E-0F03EAD9B1B6}.Debug|x64.Build.0 = Debug|Any CPU
		{42817F05-99A0-4303-B54E-0F03EAD9B1B6}.Debug|x86.ActiveCfg = Debug|Any CPU
		{42817F05-99A0-4303-B54E-0F03EAD9B1B6}.Debug|x86.Build.0 = Debug|Any CPU
		{42817F05-99A0-4303-B54E-0F03EAD9B1B6}.Release|Any CPU.ActiveCfg = Release|Any CPU
		{42817F05-99A0-4303-B54E-0F03EAD9B1B6}.Release|Any CPU.Build.0 = Release|Any CPU
		{42817F05-99A0-4303-B54E-0F03EAD9B1B6}.Release|x64.ActiveCfg = Release|Any CPU
		{42817F05-99A0-4303-B54E-0F03EAD9B1B6}.Release|x64.Build.0 = Release|Any CPU
		{42817F05-99A0-4303-B54E-0F03EAD9B1B6}.Release|x86.ActiveCfg = Release|Any CPU
		{42817F05-99A0-4303-B54E-0F03EAD9B1B6}.Release|x86.Build.0 = Release|Any CPU
		{E4E1D0E6-7B7E-4694-838A-134DE5234E37}.Debug|Any CPU.ActiveCfg = Debug|Any CPU
		{E4E1D0E6-7B7E-4694-838A-134DE5234E37}.Debug|Any CPU.Build.0 = Debug|Any CPU
		{E4E1D0E6-7B7E-4694-838A-134DE5234E37}.Debug|x64.ActiveCfg = Debug|Any CPU
		{E4E1D0E6-7B7E-4694-838A-134DE5234E37}.Debug|x64.Build.0 = Debug|Any CPU
		{E4E1D0E6-7B7E-4694-838A-134DE5234E37}.Debug|x86.ActiveCfg = Debug|Any CPU
		{E4E1D0E6-7B7E-4694-838A-134DE5234E37}.Debug|x86.Build.0 = Debug|Any CPU
		{E4E1D0E6-7B7E-4694-838A-134DE5234E37}.Release|Any CPU.ActiveCfg = Release|Any CPU
		{E4E1D0E6-7B7E-4694-838A-134DE5234E37}.Release|Any CPU.Build.0 = Release|Any CPU
		{E4E1D0E6-7B7E-4694-838A-134DE5234E37}.Release|x64.ActiveCfg = Release|Any CPU
		{E4E1D0E6-7B7E-4694-838A-134DE5234E37}.Release|x64.Build.0 = Release|Any CPU
		{E4E1D0E6-7B7E-4694-838A-134DE5234E37}.Release|x86.ActiveCfg = Release|Any CPU
		{E4E1D0E6-7B7E-4694-838A-134DE5234E37}.Release|x86.Build.0 = Release|Any CPU
		{12653724-5F1A-407B-90BC-182251A3A7AE}.Debug|Any CPU.ActiveCfg = Debug|Any CPU
		{12653724-5F1A-407B-90BC-182251A3A7AE}.Debug|Any CPU.Build.0 = Debug|Any CPU
		{12653724-5F1A-407B-90BC-182251A3A7AE}.Debug|x64.ActiveCfg = Debug|Any CPU
		{12653724-5F1A-407B-90BC-182251A3A7AE}.Debug|x64.Build.0 = Debug|Any CPU
		{12653724-5F1A-407B-90BC-182251A3A7AE}.Debug|x86.ActiveCfg = Debug|Any CPU
		{12653724-5F1A-407B-90BC-182251A3A7AE}.Debug|x86.Build.0 = Debug|Any CPU
		{12653724-5F1A-407B-90BC-182251A3A7AE}.Release|Any CPU.ActiveCfg = Release|Any CPU
		{12653724-5F1A-407B-90BC-182251A3A7AE}.Release|Any CPU.Build.0 = Release|Any CPU
		{12653724-5F1A-407B-90BC-182251A3A7AE}.Release|x64.ActiveCfg = Release|Any CPU
		{12653724-5F1A-407B-90BC-182251A3A7AE}.Release|x64.Build.0 = Release|Any CPU
		{12653724-5F1A-407B-90BC-182251A3A7AE}.Release|x86.ActiveCfg = Release|Any CPU
		{12653724-5F1A-407B-90BC-182251A3A7AE}.Release|x86.Build.0 = Release|Any CPU
		{8032C669-0ED9-4771-9B7D-E14E3054654E}.Debug|Any CPU.ActiveCfg = Debug|Any CPU
		{8032C669-0ED9-4771-9B7D-E14E3054654E}.Debug|Any CPU.Build.0 = Debug|Any CPU
		{8032C669-0ED9-4771-9B7D-E14E3054654E}.Debug|x64.ActiveCfg = Debug|Any CPU
		{8032C669-0ED9-4771-9B7D-E14E3054654E}.Debug|x64.Build.0 = Debug|Any CPU
		{8032C669-0ED9-4771-9B7D-E14E3054654E}.Debug|x86.ActiveCfg = Debug|Any CPU
		{8032C669-0ED9-4771-9B7D-E14E3054654E}.Debug|x86.Build.0 = Debug|Any CPU
		{8032C669-0ED9-4771-9B7D-E14E3054654E}.Release|Any CPU.ActiveCfg = Release|Any CPU
		{8032C669-0ED9-4771-9B7D-E14E3054654E}.Release|Any CPU.Build.0 = Release|Any CPU
		{8032C669-0ED9-4771-9B7D-E14E3054654E}.Release|x64.ActiveCfg = Release|Any CPU
		{8032C669-0ED9-4771-9B7D-E14E3054654E}.Release|x64.Build.0 = Release|Any CPU
		{8032C669-0ED9-4771-9B7D-E14E3054654E}.Release|x86.ActiveCfg = Release|Any CPU
		{8032C669-0ED9-4771-9B7D-E14E3054654E}.Release|x86.Build.0 = Release|Any CPU
		{9739096D-4919-4434-93A6-83464C75F8F5}.Debug|Any CPU.ActiveCfg = Debug|Any CPU
		{9739096D-4919-4434-93A6-83464C75F8F5}.Debug|Any CPU.Build.0 = Debug|Any CPU
		{9739096D-4919-4434-93A6-83464C75F8F5}.Debug|x64.ActiveCfg = Debug|Any CPU
		{9739096D-4919-4434-93A6-83464C75F8F5}.Debug|x64.Build.0 = Debug|Any CPU
		{9739096D-4919-4434-93A6-83464C75F8F5}.Debug|x86.ActiveCfg = Debug|Any CPU
		{9739096D-4919-4434-93A6-83464C75F8F5}.Debug|x86.Build.0 = Debug|Any CPU
		{9739096D-4919-4434-93A6-83464C75F8F5}.Release|Any CPU.ActiveCfg = Release|Any CPU
		{9739096D-4919-4434-93A6-83464C75F8F5}.Release|Any CPU.Build.0 = Release|Any CPU
		{9739096D-4919-4434-93A6-83464C75F8F5}.Release|x64.ActiveCfg = Release|Any CPU
		{9739096D-4919-4434-93A6-83464C75F8F5}.Release|x64.Build.0 = Release|Any CPU
		{9739096D-4919-4434-93A6-83464C75F8F5}.Release|x86.ActiveCfg = Release|Any CPU
		{9739096D-4919-4434-93A6-83464C75F8F5}.Release|x86.Build.0 = Release|Any CPU
	EndGlobalSection
	GlobalSection(SolutionProperties) = preSolution
		HideSolutionNode = FALSE
	EndGlobalSection
	GlobalSection(NestedProjects) = preSolution
		{83DDE2F5-08A2-4ACF-A62C-DB782C93164D} = {29E348FD-1626-44DF-8585-B48A334AB592}
		{F0EB8867-6A77-4ABB-831C-BEF9A7E5BF7A} = {29E348FD-1626-44DF-8585-B48A334AB592}
		{BCDBDBA3-D5E0-4675-A437-3441248953FC} = {29E348FD-1626-44DF-8585-B48A334AB592}
		{4955FBF5-9611-4985-B917-838FDB863AE3} = {29E348FD-1626-44DF-8585-B48A334AB592}
		{42817F05-99A0-4303-B54E-0F03EAD9B1B6} = {AC0BFC6E-9B27-4AC2-8C39-5FCCB6A0CC9D}
		{E4E1D0E6-7B7E-4694-838A-134DE5234E37} = {AC0BFC6E-9B27-4AC2-8C39-5FCCB6A0CC9D}
		{12653724-5F1A-407B-90BC-182251A3A7AE} = {AC0BFC6E-9B27-4AC2-8C39-5FCCB6A0CC9D}
		{8032C669-0ED9-4771-9B7D-E14E3054654E} = {AC0BFC6E-9B27-4AC2-8C39-5FCCB6A0CC9D}
		{9739096D-4919-4434-93A6-83464C75F8F5} = {AC0BFC6E-9B27-4AC2-8C39-5FCCB6A0CC9D}
	EndGlobalSection
EndGlobal
